
Microsoft Visual Studio Solution File, Format Version 12.00
# Visual Studio Version 16
VisualStudioVersion = 16.0.31515.178
MinimumVisualStudioVersion = 10.0.40219.1
Project("{9A19103F-16F7-4668-BE54-9A1E7A4F7556}") = "AngularKurs", "AngularKurs\AngularKurs.csproj", "{C9FB062B-9CDB-460B-A77C-701983BAE208}"
EndProject
Project("{E24C65DC-7377-472B-9ABA-BC803B73C61A}") = "client", "client\", "{C59B921B-4108-4D30-823D-AC9E463E9879}"
	ProjectSection(WebsiteProperties) = preProject
		TargetFrameworkMoniker = ".NETFramework,Version%3Dv4.0"
		Debug.AspNetCompiler.VirtualPath = "/localhost_60116"
		Debug.AspNetCompiler.PhysicalPath = "client\"
		Debug.AspNetCompiler.TargetPath = "PrecompiledWeb\localhost_60116\"
		Debug.AspNetCompiler.Updateable = "true"
		Debug.AspNetCompiler.ForceOverwrite = "true"
		Debug.AspNetCompiler.FixedNames = "false"
		Debug.AspNetCompiler.Debug = "True"
		Release.AspNetCompiler.VirtualPath = "/localhost_60116"
		Release.AspNetCompiler.PhysicalPath = "client\"
		Release.AspNetCompiler.TargetPath = "PrecompiledWeb\localhost_60116\"
		Release.AspNetCompiler.Updateable = "true"
		Release.AspNetCompiler.ForceOverwrite = "true"
		Release.AspNetCompiler.FixedNames = "false"
		Release.AspNetCompiler.Debug = "False"
		VWDPort = "60116"
	EndProjectSection
EndProject
Global
	GlobalSection(SolutionConfigurationPlatforms) = preSolution
		Debug|Any CPU = Debug|Any CPU
		Release|Any CPU = Release|Any CPU
	EndGlobalSection
	GlobalSection(ProjectConfigurationPlatforms) = postSolution
		{C9FB062B-9CDB-460B-A77C-701983BAE208}.Debug|Any CPU.ActiveCfg = Debug|Any CPU
		{C9FB062B-9CDB-460B-A77C-701983BAE208}.Debug|Any CPU.Build.0 = Debug|Any CPU
		{C9FB062B-9CDB-460B-A77C-701983BAE208}.Release|Any CPU.ActiveCfg = Release|Any CPU
		{C9FB062B-9CDB-460B-A77C-701983BAE208}.Release|Any CPU.Build.0 = Release|Any CPU
		{C59B921B-4108-4D30-823D-AC9E463E9879}.Debug|Any CPU.ActiveCfg = Debug|Any CPU
		{C59B921B-4108-4D30-823D-AC9E463E9879}.Debug|Any CPU.Build.0 = Debug|Any CPU
		{C59B921B-4108-4D30-823D-AC9E463E9879}.Release|Any CPU.ActiveCfg = Debug|Any CPU
		{C59B921B-4108-4D30-823D-AC9E463E9879}.Release|Any CPU.Build.0 = Debug|Any CPU
	EndGlobalSection
	GlobalSection(SolutionProperties) = preSolution
		HideSolutionNode = FALSE
	EndGlobalSection
	GlobalSection(ExtensibilityGlobals) = postSolution
		SolutionGuid = {887374A1-FE35-4C33-ABED-A83697013147}
	EndGlobalSection
EndGlobal
