
Microsoft Visual Studio Solution File, Format Version 12.00
# Visual Studio Version 16
VisualStudioVersion = 16.0.31515.178
MinimumVisualStudioVersion = 10.0.40219.1
Project("{9A19103F-16F7-4668-BE54-9A1E7A4F7556}") = "AngularKurs", "AngularKurs\AngularKurs.csproj", "{2340210A-4382-4E6B-99D5-CCD014D978EC}"
EndProject
Global
	GlobalSection(SolutionConfigurationPlatforms) = preSolution
		Debug|Any CPU = Debug|Any CPU
		Release|Any CPU = Release|Any CPU
	EndGlobalSection
	GlobalSection(ProjectConfigurationPlatforms) = postSolution
		{2340210A-4382-4E6B-99D5-CCD014D978EC}.Debug|Any CPU.ActiveCfg = Debug|Any CPU
		{2340210A-4382-4E6B-99D5-CCD014D978EC}.Debug|Any CPU.Build.0 = Debug|Any CPU
		{2340210A-4382-4E6B-99D5-CCD014D978EC}.Release|Any CPU.ActiveCfg = Release|Any CPU
		{2340210A-4382-4E6B-99D5-CCD014D978EC}.Release|Any CPU.Build.0 = Release|Any CPU
	EndGlobalSection
	GlobalSection(SolutionProperties) = preSolution
		HideSolutionNode = FALSE
	EndGlobalSection
	GlobalSection(ExtensibilityGlobals) = postSolution
		SolutionGuid = {887374A1-FE35-4C33-ABED-A83697013147}
	EndGlobalSection
EndGlobal
